
Microsoft Visual Studio Solution File, Format Version 12.00
# Visual Studio Version 16
VisualStudioVersion = 16.0.29418.71
MinimumVisualStudioVersion = 10.0.40219.1
Project("{9A19103F-16F7-4668-BE54-9A1E7A4F7556}") = "XMLSigner", "XMLSigner.csproj", "{0DEA2981-A888-4798-BBF6-03F53164A215}"
EndProject
Project("{930C7802-8A8C-48F9-8165-68863BCCD9DD}") = "WixSetup", "WixSetup\WixSetup.wixproj", "{33890F06-4D8C-49B7-842B-CA905838625F}"
	ProjectSection(ProjectDependencies) = postProject
		{0DEA2981-A888-4798-BBF6-03F53164A215} = {0DEA2981-A888-4798-BBF6-03F53164A215}
	EndProjectSection
EndProject
Global
	GlobalSection(SolutionConfigurationPlatforms) = preSolution
		All|Any CPU = All|Any CPU
		All|x86 = All|x86
		Debug|Any CPU = Debug|Any CPU
		Debug|x86 = Debug|x86
		Release|Any CPU = Release|Any CPU
		Release|x86 = Release|x86
	EndGlobalSection
	GlobalSection(ProjectConfigurationPlatforms) = postSolution
		{0DEA2981-A888-4798-BBF6-03F53164A215}.All|Any CPU.ActiveCfg = Release|Any CPU
		{0DEA2981-A888-4798-BBF6-03F53164A215}.All|Any CPU.Build.0 = Release|Any CPU
		{0DEA2981-A888-4798-BBF6-03F53164A215}.All|x86.ActiveCfg = Release|Any CPU
		{0DEA2981-A888-4798-BBF6-03F53164A215}.All|x86.Build.0 = Release|Any CPU
		{0DEA2981-A888-4798-BBF6-03F53164A215}.Debug|Any CPU.ActiveCfg = Debug|Any CPU
		{0DEA2981-A888-4798-BBF6-03F53164A215}.Debug|Any CPU.Build.0 = Debug|Any CPU
		{0DEA2981-A888-4798-BBF6-03F53164A215}.Debug|x86.ActiveCfg = Debug|Any CPU
		{0DEA2981-A888-4798-BBF6-03F53164A215}.Debug|x86.Build.0 = Debug|Any CPU
		{0DEA2981-A888-4798-BBF6-03F53164A215}.Release|Any CPU.ActiveCfg = Release|Any CPU
		{0DEA2981-A888-4798-BBF6-03F53164A215}.Release|Any CPU.Build.0 = Release|Any CPU
		{0DEA2981-A888-4798-BBF6-03F53164A215}.Release|x86.ActiveCfg = Release|Any CPU
		{0DEA2981-A888-4798-BBF6-03F53164A215}.Release|x86.Build.0 = Release|Any CPU
		{33890F06-4D8C-49B7-842B-CA905838625F}.All|Any CPU.ActiveCfg = Debug|x86
		{33890F06-4D8C-49B7-842B-CA905838625F}.All|Any CPU.Build.0 = Debug|x86
		{33890F06-4D8C-49B7-842B-CA905838625F}.All|x86.ActiveCfg = Debug|x86
		{33890F06-4D8C-49B7-842B-CA905838625F}.All|x86.Build.0 = Debug|x86
		{33890F06-4D8C-49B7-842B-CA905838625F}.Debug|Any CPU.ActiveCfg = Debug|x86
		{33890F06-4D8C-49B7-842B-CA905838625F}.Debug|x86.ActiveCfg = Debug|x86
		{33890F06-4D8C-49B7-842B-CA905838625F}.Debug|x86.Build.0 = Debug|x86
		{33890F06-4D8C-49B7-842B-CA905838625F}.Release|Any CPU.ActiveCfg = Release|x86
		{33890F06-4D8C-49B7-842B-CA905838625F}.Release|x86.ActiveCfg = Release|x86
		{33890F06-4D8C-49B7-842B-CA905838625F}.Release|x86.Build.0 = Release|x86
	EndGlobalSection
	GlobalSection(SolutionProperties) = preSolution
		HideSolutionNode = FALSE
	EndGlobalSection
	GlobalSection(ExtensibilityGlobals) = postSolution
		SolutionGuid = {E44FB280-359F-41D2-8F13-6AF5FE8EA21D}
	EndGlobalSection
EndGlobal
